// !$*UTF8*$!
{
	archiveVersion = 1;
	classes = {
	};
	objectVersion = 56;
	objects = {

/* Begin PBXBuildFile section */
		4D3180AA2A09DD80005E7EB3 /* LogInViewController.swift in Sources */ = {isa = PBXBuildFile; fileRef = 4D3180A92A09DD80005E7EB3 /* LogInViewController.swift */; };
		4D3180AC2A09E0CE005E7EB3 /* SignUpViewController.swift in Sources */ = {isa = PBXBuildFile; fileRef = 4D3180AB2A09E0CE005E7EB3 /* SignUpViewController.swift */; };
		8D46567E2A00E1960027F9B0 /* AppDelegate.swift in Sources */ = {isa = PBXBuildFile; fileRef = 8D46567D2A00E1960027F9B0 /* AppDelegate.swift */; };
		8D4656802A00E1960027F9B0 /* SceneDelegate.swift in Sources */ = {isa = PBXBuildFile; fileRef = 8D46567F2A00E1960027F9B0 /* SceneDelegate.swift */; };
		8D4656822A00E1960027F9B0 /* ViewController.swift in Sources */ = {isa = PBXBuildFile; fileRef = 8D4656812A00E1960027F9B0 /* ViewController.swift */; };
		8D4656852A00E1960027F9B0 /* Main.storyboard in Resources */ = {isa = PBXBuildFile; fileRef = 8D4656832A00E1960027F9B0 /* Main.storyboard */; };
		8D4656872A00E1980027F9B0 /* Assets.xcassets in Resources */ = {isa = PBXBuildFile; fileRef = 8D4656862A00E1980027F9B0 /* Assets.xcassets */; };
		8D46568A2A00E1980027F9B0 /* LaunchScreen.storyboard in Resources */ = {isa = PBXBuildFile; fileRef = 8D4656882A00E1980027F9B0 /* LaunchScreen.storyboard */; };
		8D4656952A00E1980027F9B0 /* myRecipesTests.swift in Sources */ = {isa = PBXBuildFile; fileRef = 8D4656942A00E1980027F9B0 /* myRecipesTests.swift */; };
		8D46569F2A00E1980027F9B0 /* myRecipesUITests.swift in Sources */ = {isa = PBXBuildFile; fileRef = 8D46569E2A00E1980027F9B0 /* myRecipesUITests.swift */; };
		8D4656A12A00E1980027F9B0 /* myRecipesUITestsLaunchTests.swift in Sources */ = {isa = PBXBuildFile; fileRef = 8D4656A02A00E1980027F9B0 /* myRecipesUITestsLaunchTests.swift */; };
/* End PBXBuildFile section */

/* Begin PBXContainerItemProxy section */
		8D4656912A00E1980027F9B0 /* PBXContainerItemProxy */ = {
			isa = PBXContainerItemProxy;
			containerPortal = 8D4656722A00E1960027F9B0 /* Project object */;
			proxyType = 1;
			remoteGlobalIDString = 8D4656792A00E1960027F9B0;
			remoteInfo = myRecipes;
		};
		8D46569B2A00E1980027F9B0 /* PBXContainerItemProxy */ = {
			isa = PBXContainerItemProxy;
			containerPortal = 8D4656722A00E1960027F9B0 /* Project object */;
			proxyType = 1;
			remoteGlobalIDString = 8D4656792A00E1960027F9B0;
			remoteInfo = myRecipes;
		};
/* End PBXContainerItemProxy section */

/* Begin PBXFileReference section */
		4D3180A92A09DD80005E7EB3 /* LogInViewController.swift */ = {isa = PBXFileReference; lastKnownFileType = sourcecode.swift; path = LogInViewController.swift; sourceTree = "<group>"; };
		4D3180AB2A09E0CE005E7EB3 /* SignUpViewController.swift */ = {isa = PBXFileReference; lastKnownFileType = sourcecode.swift; path = SignUpViewController.swift; sourceTree = "<group>"; };
		8D46567A2A00E1960027F9B0 /* myRecipes.app */ = {isa = PBXFileReference; explicitFileType = wrapper.application; includeInIndex = 0; path = myRecipes.app; sourceTree = BUILT_PRODUCTS_DIR; };
		8D46567D2A00E1960027F9B0 /* AppDelegate.swift */ = {isa = PBXFileReference; lastKnownFileType = sourcecode.swift; path = AppDelegate.swift; sourceTree = "<group>"; };
		8D46567F2A00E1960027F9B0 /* SceneDelegate.swift */ = {isa = PBXFileReference; lastKnownFileType = sourcecode.swift; path = SceneDelegate.swift; sourceTree = "<group>"; };
		8D4656812A00E1960027F9B0 /* ViewController.swift */ = {isa = PBXFileReference; lastKnownFileType = sourcecode.swift; path = ViewController.swift; sourceTree = "<group>"; };
		8D4656842A00E1960027F9B0 /* Base */ = {isa = PBXFileReference; lastKnownFileType = file.storyboard; name = Base; path = Base.lproj/Main.storyboard; sourceTree = "<group>"; };
		8D4656862A00E1980027F9B0 /* Assets.xcassets */ = {isa = PBXFileReference; lastKnownFileType = folder.assetcatalog; path = Assets.xcassets; sourceTree = "<group>"; };
		8D4656892A00E1980027F9B0 /* Base */ = {isa = PBXFileReference; lastKnownFileType = file.storyboard; name = Base; path = Base.lproj/LaunchScreen.storyboard; sourceTree = "<group>"; };
		8D46568B2A00E1980027F9B0 /* Info.plist */ = {isa = PBXFileReference; lastKnownFileType = text.plist.xml; path = Info.plist; sourceTree = "<group>"; };
		8D4656902A00E1980027F9B0 /* myRecipesTests.xctest */ = {isa = PBXFileReference; explicitFileType = wrapper.cfbundle; includeInIndex = 0; path = myRecipesTests.xctest; sourceTree = BUILT_PRODUCTS_DIR; };
		8D4656942A00E1980027F9B0 /* myRecipesTests.swift */ = {isa = PBXFileReference; lastKnownFileType = sourcecode.swift; path = myRecipesTests.swift; sourceTree = "<group>"; };
		8D46569A2A00E1980027F9B0 /* myRecipesUITests.xctest */ = {isa = PBXFileReference; explicitFileType = wrapper.cfbundle; includeInIndex = 0; path = myRecipesUITests.xctest; sourceTree = BUILT_PRODUCTS_DIR; };
		8D46569E2A00E1980027F9B0 /* myRecipesUITests.swift */ = {isa = PBXFileReference; lastKnownFileType = sourcecode.swift; path = myRecipesUITests.swift; sourceTree = "<group>"; };
		8D4656A02A00E1980027F9B0 /* myRecipesUITestsLaunchTests.swift */ = {isa = PBXFileReference; lastKnownFileType = sourcecode.swift; path = myRecipesUITestsLaunchTests.swift; sourceTree = "<group>"; };
/* End PBXFileReference section */

/* Begin PBXFrameworksBuildPhase section */
		8D4656772A00E1960027F9B0 /* Frameworks */ = {
			isa = PBXFrameworksBuildPhase;
			buildActionMask = 2147483647;
			files = (
			);
			runOnlyForDeploymentPostprocessing = 0;
		};
		8D46568D2A00E1980027F9B0 /* Frameworks */ = {
			isa = PBXFrameworksBuildPhase;
			buildActionMask = 2147483647;
			files = (
			);
			runOnlyForDeploymentPostprocessing = 0;
		};
		8D4656972A00E1980027F9B0 /* Frameworks */ = {
			isa = PBXFrameworksBuildPhase;
			buildActionMask = 2147483647;
			files = (
			);
			runOnlyForDeploymentPostprocessing = 0;
		};
/* End PBXFrameworksBuildPhase section */

/* Begin PBXGroup section */
		20CB40812A00F40200A3C817 /* View */ = {
			isa = PBXGroup;
			children = (
				8D4656832A00E1960027F9B0 /* Main.storyboard */,
				8D4656882A00E1980027F9B0 /* LaunchScreen.storyboard */,
			);
			path = View;
			sourceTree = "<group>";
		};
		20CB40822A00F4E500A3C817 /* Control */ = {
			isa = PBXGroup;
			children = (
				8D4656812A00E1960027F9B0 /* ViewController.swift */,
				4D3180A92A09DD80005E7EB3 /* LogInViewController.swift */,
				4D3180AB2A09E0CE005E7EB3 /* SignUpViewController.swift */,
			);
			path = Control;
			sourceTree = "<group>";
		};
		8D4656712A00E1960027F9B0 = {
			isa = PBXGroup;
			children = (
				20CB40822A00F4E500A3C817 /* Control */,
				20CB40812A00F40200A3C817 /* View */,
				8D46567C2A00E1960027F9B0 /* myRecipes */,
				8D4656932A00E1980027F9B0 /* myRecipesTests */,
				8D46569D2A00E1980027F9B0 /* myRecipesUITests */,
				8D46567B2A00E1960027F9B0 /* Products */,
			);
			sourceTree = "<group>";
		};
		8D46567B2A00E1960027F9B0 /* Products */ = {
			isa = PBXGroup;
			children = (
				8D46567A2A00E1960027F9B0 /* myRecipes.app */,
				8D4656902A00E1980027F9B0 /* myRecipesTests.xctest */,
				8D46569A2A00E1980027F9B0 /* myRecipesUITests.xctest */,
			);
			name = Products;
			sourceTree = "<group>";
		};
		8D46567C2A00E1960027F9B0 /* myRecipes */ = {
			isa = PBXGroup;
			children = (
				8D46567D2A00E1960027F9B0 /* AppDelegate.swift */,
				8D46567F2A00E1960027F9B0 /* SceneDelegate.swift */,
				8D4656862A00E1980027F9B0 /* Assets.xcassets */,
				8D46568B2A00E1980027F9B0 /* Info.plist */,
			);
			path = myRecipes;
			sourceTree = "<group>";
		};
		8D4656932A00E1980027F9B0 /* myRecipesTests */ = {
			isa = PBXGroup;
			children = (
				8D4656942A00E1980027F9B0 /* myRecipesTests.swift */,
			);
			path = myRecipesTests;
			sourceTree = "<group>";
		};
		8D46569D2A00E1980027F9B0 /* myRecipesUITests */ = {
			isa = PBXGroup;
			children = (
				8D46569E2A00E1980027F9B0 /* myRecipesUITests.swift */,
				8D4656A02A00E1980027F9B0 /* myRecipesUITestsLaunchTests.swift */,
			);
			path = myRecipesUITests;
			sourceTree = "<group>";
		};
/* End PBXGroup section */

/* Begin PBXNativeTarget section */
		8D4656792A00E1960027F9B0 /* myRecipes */ = {
			isa = PBXNativeTarget;
			buildConfigurationList = 8D4656A42A00E1980027F9B0 /* Build configuration list for PBXNativeTarget "myRecipes" */;
			buildPhases = (
				8D4656762A00E1960027F9B0 /* Sources */,
				8D4656772A00E1960027F9B0 /* Frameworks */,
				8D4656782A00E1960027F9B0 /* Resources */,
			);
			buildRules = (
			);
			dependencies = (
			);
			name = myRecipes;
			productName = myRecipes;
			productReference = 8D46567A2A00E1960027F9B0 /* myRecipes.app */;
			productType = "com.apple.product-type.application";
		};
		8D46568F2A00E1980027F9B0 /* myRecipesTests */ = {
			isa = PBXNativeTarget;
			buildConfigurationList = 8D4656A72A00E1980027F9B0 /* Build configuration list for PBXNativeTarget "myRecipesTests" */;
			buildPhases = (
				8D46568C2A00E1980027F9B0 /* Sources */,
				8D46568D2A00E1980027F9B0 /* Frameworks */,
				8D46568E2A00E1980027F9B0 /* Resources */,
			);
			buildRules = (
			);
			dependencies = (
				8D4656922A00E1980027F9B0 /* PBXTargetDependency */,
			);
			name = myRecipesTests;
			productName = myRecipesTests;
			productReference = 8D4656902A00E1980027F9B0 /* myRecipesTests.xctest */;
			productType = "com.apple.product-type.bundle.unit-test";
		};
		8D4656992A00E1980027F9B0 /* myRecipesUITests */ = {
			isa = PBXNativeTarget;
			buildConfigurationList = 8D4656AA2A00E1980027F9B0 /* Build configuration list for PBXNativeTarget "myRecipesUITests" */;
			buildPhases = (
				8D4656962A00E1980027F9B0 /* Sources */,
				8D4656972A00E1980027F9B0 /* Frameworks */,
				8D4656982A00E1980027F9B0 /* Resources */,
			);
			buildRules = (
			);
			dependencies = (
				8D46569C2A00E1980027F9B0 /* PBXTargetDependency */,
			);
			name = myRecipesUITests;
			productName = myRecipesUITests;
			productReference = 8D46569A2A00E1980027F9B0 /* myRecipesUITests.xctest */;
			productType = "com.apple.product-type.bundle.ui-testing";
		};
/* End PBXNativeTarget section */

/* Begin PBXProject section */
		8D4656722A00E1960027F9B0 /* Project object */ = {
			isa = PBXProject;
			attributes = {
				BuildIndependentTargetsInParallel = 1;
				LastSwiftUpdateCheck = 1420;
				LastUpgradeCheck = 1420;
				TargetAttributes = {
					8D4656792A00E1960027F9B0 = {
						CreatedOnToolsVersion = 14.2;
					};
					8D46568F2A00E1980027F9B0 = {
						CreatedOnToolsVersion = 14.2;
						TestTargetID = 8D4656792A00E1960027F9B0;
					};
					8D4656992A00E1980027F9B0 = {
						CreatedOnToolsVersion = 14.2;
						TestTargetID = 8D4656792A00E1960027F9B0;
					};
				};
			};
			buildConfigurationList = 8D4656752A00E1960027F9B0 /* Build configuration list for PBXProject "myRecipes" */;
			compatibilityVersion = "Xcode 14.0";
			developmentRegion = en;
			hasScannedForEncodings = 0;
			knownRegions = (
				en,
				Base,
			);
			mainGroup = 8D4656712A00E1960027F9B0;
			productRefGroup = 8D46567B2A00E1960027F9B0 /* Products */;
			projectDirPath = "";
			projectRoot = "";
			targets = (
				8D4656792A00E1960027F9B0 /* myRecipes */,
				8D46568F2A00E1980027F9B0 /* myRecipesTests */,
				8D4656992A00E1980027F9B0 /* myRecipesUITests */,
			);
		};
/* End PBXProject section */

/* Begin PBXResourcesBuildPhase section */
		8D4656782A00E1960027F9B0 /* Resources */ = {
			isa = PBXResourcesBuildPhase;
			buildActionMask = 2147483647;
			files = (
				8D46568A2A00E1980027F9B0 /* LaunchScreen.storyboard in Resources */,
				8D4656872A00E1980027F9B0 /* Assets.xcassets in Resources */,
				8D4656852A00E1960027F9B0 /* Main.storyboard in Resources */,
			);
			runOnlyForDeploymentPostprocessing = 0;
		};
		8D46568E2A00E1980027F9B0 /* Resources */ = {
			isa = PBXResourcesBuildPhase;
			buildActionMask = 2147483647;
			files = (
			);
			runOnlyForDeploymentPostprocessing = 0;
		};
		8D4656982A00E1980027F9B0 /* Resources */ = {
			isa = PBXResourcesBuildPhase;
			buildActionMask = 2147483647;
			files = (
			);
			runOnlyForDeploymentPostprocessing = 0;
		};
/* End PBXResourcesBuildPhase section */

/* Begin PBXSourcesBuildPhase section */
		8D4656762A00E1960027F9B0 /* Sources */ = {
			isa = PBXSourcesBuildPhase;
			buildActionMask = 2147483647;
			files = (
				4D3180AA2A09DD80005E7EB3 /* LogInViewController.swift in Sources */,
				8D4656822A00E1960027F9B0 /* ViewController.swift in Sources */,
				8D46567E2A00E1960027F9B0 /* AppDelegate.swift in Sources */,
				8D4656802A00E1960027F9B0 /* SceneDelegate.swift in Sources */,
				4D3180AC2A09E0CE005E7EB3 /* SignUpViewController.swift in Sources */,
			);
			runOnlyForDeploymentPostprocessing = 0;
		};
		8D46568C2A00E1980027F9B0 /* Sources */ = {
			isa = PBXSourcesBuildPhase;
			buildActionMask = 2147483647;
			files = (
				8D4656952A00E1980027F9B0 /* myRecipesTests.swift in Sources */,
			);
			runOnlyForDeploymentPostprocessing = 0;
		};
		8D4656962A00E1980027F9B0 /* Sources */ = {
			isa = PBXSourcesBuildPhase;
			buildActionMask = 2147483647;
			files = (
				8D4656A12A00E1980027F9B0 /* myRecipesUITestsLaunchTests.swift in Sources */,
				8D46569F2A00E1980027F9B0 /* myRecipesUITests.swift in Sources */,
			);
			runOnlyForDeploymentPostprocessing = 0;
		};
/* End PBXSourcesBuildPhase section */

/* Begin PBXTargetDependency section */
		8D4656922A00E1980027F9B0 /* PBXTargetDependency */ = {
			isa = PBXTargetDependency;
			target = 8D4656792A00E1960027F9B0 /* myRecipes */;
			targetProxy = 8D4656912A00E1980027F9B0 /* PBXContainerItemProxy */;
		};
		8D46569C2A00E1980027F9B0 /* PBXTargetDependency */ = {
			isa = PBXTargetDependency;
			target = 8D4656792A00E1960027F9B0 /* myRecipes */;
			targetProxy = 8D46569B2A00E1980027F9B0 /* PBXContainerItemProxy */;
		};
/* End PBXTargetDependency section */

/* Begin PBXVariantGroup section */
		8D4656832A00E1960027F9B0 /* Main.storyboard */ = {
			isa = PBXVariantGroup;
			children = (
				8D4656842A00E1960027F9B0 /* Base */,
			);
			name = Main.storyboard;
			sourceTree = "<group>";
		};
		8D4656882A00E1980027F9B0 /* LaunchScreen.storyboard */ = {
			isa = PBXVariantGroup;
			children = (
				8D4656892A00E1980027F9B0 /* Base */,
			);
			name = LaunchScreen.storyboard;
			sourceTree = "<group>";
		};
/* End PBXVariantGroup section */

/* Begin XCBuildConfiguration section */
		8D4656A22A00E1980027F9B0 /* Debug */ = {
			isa = XCBuildConfiguration;
			buildSettings = {
				ALWAYS_SEARCH_USER_PATHS = NO;
				CLANG_ANALYZER_NONNULL = YES;
				CLANG_ANALYZER_NUMBER_OBJECT_CONVERSION = YES_AGGRESSIVE;
				CLANG_CXX_LANGUAGE_STANDARD = "gnu++20";
				CLANG_ENABLE_MODULES = YES;
				CLANG_ENABLE_OBJC_ARC = YES;
				CLANG_ENABLE_OBJC_WEAK = YES;
				CLANG_WARN_BLOCK_CAPTURE_AUTORELEASING = YES;
				CLANG_WARN_BOOL_CONVERSION = YES;
				CLANG_WARN_COMMA = YES;
				CLANG_WARN_CONSTANT_CONVERSION = YES;
				CLANG_WARN_DEPRECATED_OBJC_IMPLEMENTATIONS = YES;
				CLANG_WARN_DIRECT_OBJC_ISA_USAGE = YES_ERROR;
				CLANG_WARN_DOCUMENTATION_COMMENTS = YES;
				CLANG_WARN_EMPTY_BODY = YES;
				CLANG_WARN_ENUM_CONVERSION = YES;
				CLANG_WARN_INFINITE_RECURSION = YES;
				CLANG_WARN_INT_CONVERSION = YES;
				CLANG_WARN_NON_LITERAL_NULL_CONVERSION = YES;
				CLANG_WARN_OBJC_IMPLICIT_RETAIN_SELF = YES;
				CLANG_WARN_OBJC_LITERAL_CONVERSION = YES;
				CLANG_WARN_OBJC_ROOT_CLASS = YES_ERROR;
				CLANG_WARN_QUOTED_INCLUDE_IN_FRAMEWORK_HEADER = YES;
				CLANG_WARN_RANGE_LOOP_ANALYSIS = YES;
				CLANG_WARN_STRICT_PROTOTYPES = YES;
				CLANG_WARN_SUSPICIOUS_MOVE = YES;
				CLANG_WARN_UNGUARDED_AVAILABILITY = YES_AGGRESSIVE;
				CLANG_WARN_UNREACHABLE_CODE = YES;
				CLANG_WARN__DUPLICATE_METHOD_MATCH = YES;
				COPY_PHASE_STRIP = NO;
				DEBUG_INFORMATION_FORMAT = dwarf;
				ENABLE_STRICT_OBJC_MSGSEND = YES;
				ENABLE_TESTABILITY = YES;
				GCC_C_LANGUAGE_STANDARD = gnu11;
				GCC_DYNAMIC_NO_PIC = NO;
				GCC_NO_COMMON_BLOCKS = YES;
				GCC_OPTIMIZATION_LEVEL = 0;
				GCC_PREPROCESSOR_DEFINITIONS = (
					"DEBUG=1",
					"$(inherited)",
				);
				GCC_WARN_64_TO_32_BIT_CONVERSION = YES;
				GCC_WARN_ABOUT_RETURN_TYPE = YES_ERROR;
				GCC_WARN_UNDECLARED_SELECTOR = YES;
				GCC_WARN_UNINITIALIZED_AUTOS = YES_AGGRESSIVE;
				GCC_WARN_UNUSED_FUNCTION = YES;
				GCC_WARN_UNUSED_VARIABLE = YES;
				IPHONEOS_DEPLOYMENT_TARGET = 16.2;
				MTL_ENABLE_DEBUG_INFO = INCLUDE_SOURCE;
				MTL_FAST_MATH = YES;
				ONLY_ACTIVE_ARCH = YES;
				SDKROOT = iphoneos;
				SWIFT_ACTIVE_COMPILATION_CONDITIONS = DEBUG;
				SWIFT_OPTIMIZATION_LEVEL = "-Onone";
			};
			name = Debug;
		};
		8D4656A32A00E1980027F9B0 /* Release */ = {
			isa = XCBuildConfiguration;
			buildSettings = {
				ALWAYS_SEARCH_USER_PATHS = NO;
				CLANG_ANALYZER_NONNULL = YES;
				CLANG_ANALYZER_NUMBER_OBJECT_CONVERSION = YES_AGGRESSIVE;
				CLANG_CXX_LANGUAGE_STANDARD = "gnu++20";
				CLANG_ENABLE_MODULES = YES;
				CLANG_ENABLE_OBJC_ARC = YES;
				CLANG_ENABLE_OBJC_WEAK = YES;
				CLANG_WARN_BLOCK_CAPTURE_AUTORELEASING = YES;
				CLANG_WARN_BOOL_CONVERSION = YES;
				CLANG_WARN_COMMA = YES;
				CLANG_WARN_CONSTANT_CONVERSION = YES;
				CLANG_WARN_DEPRECATED_OBJC_IMPLEMENTATIONS = YES;
				CLANG_WARN_DIRECT_OBJC_ISA_USAGE = YES_ERROR;
				CLANG_WARN_DOCUMENTATION_COMMENTS = YES;
				CLANG_WARN_EMPTY_BODY = YES;
				CLANG_WARN_ENUM_CONVERSION = YES;
				CLANG_WARN_INFINITE_RECURSION = YES;
				CLANG_WARN_INT_CONVERSION = YES;
				CLANG_WARN_NON_LITERAL_NULL_CONVERSION = YES;
				CLANG_WARN_OBJC_IMPLICIT_RETAIN_SELF = YES;
				CLANG_WARN_OBJC_LITERAL_CONVERSION = YES;
				CLANG_WARN_OBJC_ROOT_CLASS = YES_ERROR;
				CLANG_WARN_QUOTED_INCLUDE_IN_FRAMEWORK_HEADER = YES;
				CLANG_WARN_RANGE_LOOP_ANALYSIS = YES;
				CLANG_WARN_STRICT_PROTOTYPES = YES;
				CLANG_WARN_SUSPICIOUS_MOVE = YES;
				CLANG_WARN_UNGUARDED_AVAILABILITY = YES_AGGRESSIVE;
				CLANG_WARN_UNREACHABLE_CODE = YES;
				CLANG_WARN__DUPLICATE_METHOD_MATCH = YES;
				COPY_PHASE_STRIP = NO;
				DEBUG_INFORMATION_FORMAT = "dwarf-with-dsym";
				ENABLE_NS_ASSERTIONS = NO;
				ENABLE_STRICT_OBJC_MSGSEND = YES;
				GCC_C_LANGUAGE_STANDARD = gnu11;
				GCC_NO_COMMON_BLOCKS = YES;
				GCC_WARN_64_TO_32_BIT_CONVERSION = YES;
				GCC_WARN_ABOUT_RETURN_TYPE = YES_ERROR;
				GCC_WARN_UNDECLARED_SELECTOR = YES;
				GCC_WARN_UNINITIALIZED_AUTOS = YES_AGGRESSIVE;
				GCC_WARN_UNUSED_FUNCTION = YES;
				GCC_WARN_UNUSED_VARIABLE = YES;
				IPHONEOS_DEPLOYMENT_TARGET = 16.2;
				MTL_ENABLE_DEBUG_INFO = NO;
				MTL_FAST_MATH = YES;
				SDKROOT = iphoneos;
				SWIFT_COMPILATION_MODE = wholemodule;
				SWIFT_OPTIMIZATION_LEVEL = "-O";
				VALIDATE_PRODUCT = YES;
			};
			name = Release;
		};
		8D4656A52A00E1980027F9B0 /* Debug */ = {
			isa = XCBuildConfiguration;
			buildSettings = {
				ASSETCATALOG_COMPILER_APPICON_NAME = AppIcon;
				ASSETCATALOG_COMPILER_GLOBAL_ACCENT_COLOR_NAME = AccentColor;
				CODE_SIGN_STYLE = Automatic;
				CURRENT_PROJECT_VERSION = 1;
				GENERATE_INFOPLIST_FILE = YES;
				INFOPLIST_FILE = myRecipes/Info.plist;
				INFOPLIST_KEY_UIApplicationSupportsIndirectInputEvents = YES;
				INFOPLIST_KEY_UILaunchStoryboardName = LaunchScreen;
				INFOPLIST_KEY_UIMainStoryboardFile = Main;
				INFOPLIST_KEY_UISupportedInterfaceOrientations_iPad = "UIInterfaceOrientationPortrait UIInterfaceOrientationPortraitUpsideDown UIInterfaceOrientationLandscapeLeft UIInterfaceOrientationLandscapeRight";
				INFOPLIST_KEY_UISupportedInterfaceOrientations_iPhone = "UIInterfaceOrientationPortrait UIInterfaceOrientationLandscapeLeft UIInterfaceOrientationLandscapeRight";
				LD_RUNPATH_SEARCH_PATHS = (
					"$(inherited)",
					"@executable_path/Frameworks",
				);
				MARKETING_VERSION = 1.0;
				PRODUCT_BUNDLE_IDENTIFIER = com.example.myRecipes;
				PRODUCT_NAME = "$(TARGET_NAME)";
				SWIFT_EMIT_LOC_STRINGS = YES;
				SWIFT_VERSION = 5.0;
				TARGETED_DEVICE_FAMILY = "1,2";
			};
			name = Debug;
		};
		8D4656A62A00E1980027F9B0 /* Release */ = {
			isa = XCBuildConfiguration;
			buildSettings = {
				ASSETCATALOG_COMPILER_APPICON_NAME = AppIcon;
				ASSETCATALOG_COMPILER_GLOBAL_ACCENT_COLOR_NAME = AccentColor;
				CODE_SIGN_STYLE = Automatic;
				CURRENT_PROJECT_VERSION = 1;
				GENERATE_INFOPLIST_FILE = YES;
				INFOPLIST_FILE = myRecipes/Info.plist;
				INFOPLIST_KEY_UIApplicationSupportsIndirectInputEvents = YES;
				INFOPLIST_KEY_UILaunchStoryboardName = LaunchScreen;
				INFOPLIST_KEY_UIMainStoryboardFile = Main;
				INFOPLIST_KEY_UISupportedInterfaceOrientations_iPad = "UIInterfaceOrientationPortrait UIInterfaceOrientationPortraitUpsideDown UIInterfaceOrientationLandscapeLeft UIInterfaceOrientationLandscapeRight";
				INFOPLIST_KEY_UISupportedInterfaceOrientations_iPhone = "UIInterfaceOrientationPortrait UIInterfaceOrientationLandscapeLeft UIInterfaceOrientationLandscapeRight";
				LD_RUNPATH_SEARCH_PATHS = (
					"$(inherited)",
					"@executable_path/Frameworks",
				);
				MARKETING_VERSION = 1.0;
				PRODUCT_BUNDLE_IDENTIFIER = com.example.myRecipes;
				PRODUCT_NAME = "$(TARGET_NAME)";
				SWIFT_EMIT_LOC_STRINGS = YES;
				SWIFT_VERSION = 5.0;
				TARGETED_DEVICE_FAMILY = "1,2";
			};
			name = Release;
		};
		8D4656A82A00E1980027F9B0 /* Debug */ = {
			isa = XCBuildConfiguration;
			buildSettings = {
				ALWAYS_EMBED_SWIFT_STANDARD_LIBRARIES = YES;
				BUNDLE_LOADER = "$(TEST_HOST)";
				CODE_SIGN_STYLE = Automatic;
				CURRENT_PROJECT_VERSION = 1;
				GENERATE_INFOPLIST_FILE = YES;
				IPHONEOS_DEPLOYMENT_TARGET = 16.2;
				MARKETING_VERSION = 1.0;
				PRODUCT_BUNDLE_IDENTIFIER = com.example.myRecipesTests;
				PRODUCT_NAME = "$(TARGET_NAME)";
				SWIFT_EMIT_LOC_STRINGS = NO;
				SWIFT_VERSION = 5.0;
				TARGETED_DEVICE_FAMILY = "1,2";
				TEST_HOST = "$(BUILT_PRODUCTS_DIR)/myRecipes.app/$(BUNDLE_EXECUTABLE_FOLDER_PATH)/myRecipes";
			};
			name = Debug;
		};
		8D4656A92A00E1980027F9B0 /* Release */ = {
			isa = XCBuildConfiguration;
			buildSettings = {
				ALWAYS_EMBED_SWIFT_STANDARD_LIBRARIES = YES;
				BUNDLE_LOADER = "$(TEST_HOST)";
				CODE_SIGN_STYLE = Automatic;
				CURRENT_PROJECT_VERSION = 1;
				GENERATE_INFOPLIST_FILE = YES;
				IPHONEOS_DEPLOYMENT_TARGET = 16.2;
				MARKETING_VERSION = 1.0;
				PRODUCT_BUNDLE_IDENTIFIER = com.example.myRecipesTests;
				PRODUCT_NAME = "$(TARGET_NAME)";
				SWIFT_EMIT_LOC_STRINGS = NO;
				SWIFT_VERSION = 5.0;
				TARGETED_DEVICE_FAMILY = "1,2";
				TEST_HOST = "$(BUILT_PRODUCTS_DIR)/myRecipes.app/$(BUNDLE_EXECUTABLE_FOLDER_PATH)/myRecipes";
			};
			name = Release;
		};
		8D4656AB2A00E1980027F9B0 /* Debug */ = {
			isa = XCBuildConfiguration;
			buildSettings = {
				ALWAYS_EMBED_SWIFT_STANDARD_LIBRARIES = YES;
				CODE_SIGN_STYLE = Automatic;
				CURRENT_PROJECT_VERSION = 1;
				GENERATE_INFOPLIST_FILE = YES;
				MARKETING_VERSION = 1.0;
				PRODUCT_BUNDLE_IDENTIFIER = com.example.myRecipesUITests;
				PRODUCT_NAME = "$(TARGET_NAME)";
				SWIFT_EMIT_LOC_STRINGS = NO;
				SWIFT_VERSION = 5.0;
				TARGETED_DEVICE_FAMILY = "1,2";
				TEST_TARGET_NAME = myRecipes;
			};
			name = Debug;
		};
		8D4656AC2A00E1980027F9B0 /* Release */ = {
			isa = XCBuildConfiguration;
			buildSettings = {
				ALWAYS_EMBED_SWIFT_STANDARD_LIBRARIES = YES;
				CODE_SIGN_STYLE = Automatic;
				CURRENT_PROJECT_VERSION = 1;
				GENERATE_INFOPLIST_FILE = YES;
				MARKETING_VERSION = 1.0;
				PRODUCT_BUNDLE_IDENTIFIER = com.example.myRecipesUITests;
				PRODUCT_NAME = "$(TARGET_NAME)";
				SWIFT_EMIT_LOC_STRINGS = NO;
				SWIFT_VERSION = 5.0;
				TARGETED_DEVICE_FAMILY = "1,2";
				TEST_TARGET_NAME = myRecipes;
			};
			name = Release;
		};
/* End XCBuildConfiguration section */

/* Begin XCConfigurationList section */
		8D4656752A00E1960027F9B0 /* Build configuration list for PBXProject "myRecipes" */ = {
			isa = XCConfigurationList;
			buildConfigurations = (
				8D4656A22A00E1980027F9B0 /* Debug */,
				8D4656A32A00E1980027F9B0 /* Release */,
			);
			defaultConfigurationIsVisible = 0;
			defaultConfigurationName = Release;
		};
		8D4656A42A00E1980027F9B0 /* Build configuration list for PBXNativeTarget "myRecipes" */ = {
			isa = XCConfigurationList;
			buildConfigurations = (
				8D4656A52A00E1980027F9B0 /* Debug */,
				8D4656A62A00E1980027F9B0 /* Release */,
			);
			defaultConfigurationIsVisible = 0;
			defaultConfigurationName = Release;
		};
		8D4656A72A00E1980027F9B0 /* Build configuration list for PBXNativeTarget "myRecipesTests" */ = {
			isa = XCConfigurationList;
			buildConfigurations = (
				8D4656A82A00E1980027F9B0 /* Debug */,
				8D4656A92A00E1980027F9B0 /* Release */,
			);
			defaultConfigurationIsVisible = 0;
			defaultConfigurationName = Release;
		};
		8D4656AA2A00E1980027F9B0 /* Build configuration list for PBXNativeTarget "myRecipesUITests" */ = {
			isa = XCConfigurationList;
			buildConfigurations = (
				8D4656AB2A00E1980027F9B0 /* Debug */,
				8D4656AC2A00E1980027F9B0 /* Release */,
			);
			defaultConfigurationIsVisible = 0;
			defaultConfigurationName = Release;
		};
/* End XCConfigurationList section */
	};
	rootObject = 8D4656722A00E1960027F9B0 /* Project object */;
}
